
Microsoft Visual Studio Solution File, Format Version 12.00
# Visual Studio Version 16
VisualStudioVersion = 16.0.30804.86
MinimumVisualStudioVersion = 10.0.40219.1
Project("{FAE04EC0-301F-11D3-BF4B-00C04F79EFBC}") = "SchoolManagement", "SchoolManagement.csproj", "{BA4290DF-A7C5-49B2-BBC5-8DF7E7F09EEB}"
EndProject
Global
	GlobalSection(SolutionConfigurationPlatforms) = preSolution
		Debug|Any CPU = Debug|Any CPU
		Release|Any CPU = Release|Any CPU
	EndGlobalSection
	GlobalSection(ProjectConfigurationPlatforms) = postSolution
		{BA4290DF-A7C5-49B2-BBC5-8DF7E7F09EEB}.Debug|Any CPU.ActiveCfg = Debug|Any CPU
		{BA4290DF-A7C5-49B2-BBC5-8DF7E7F09EEB}.Debug|Any CPU.Build.0 = Debug|Any CPU
		{BA4290DF-A7C5-49B2-BBC5-8DF7E7F09EEB}.Release|Any CPU.ActiveCfg = Release|Any CPU
		{BA4290DF-A7C5-49B2-BBC5-8DF7E7F09EEB}.Release|Any CPU.Build.0 = Release|Any CPU
	EndGlobalSection
	GlobalSection(SolutionProperties) = preSolution
		HideSolutionNode = FALSE
	EndGlobalSection
	GlobalSection(ExtensibilityGlobals) = postSolution
		SolutionGuid = {3624A58A-2314-4CA7-B3D8-6D1F4C8D57C7}
	EndGlobalSection
EndGlobal
